
Microsoft Visual Studio Solution File, Format Version 12.00
# Visual Studio Version 16
VisualStudioVersion = 16.0.29920.165
MinimumVisualStudioVersion = 10.0.40219.1
Project("{FAE04EC0-301F-11D3-BF4B-00C04F79EFBC}") = "BoundlessProxyUi", "BoundlessProxyUi\BoundlessProxyUi.csproj", "{B5F2A569-0FB1-490D-87F8-4AB45A746C71}"
EndProject
Global
	GlobalSection(SolutionConfigurationPlatforms) = preSolution
		Debug|x64 = Debug|x64
		Release|x64 = Release|x64
	EndGlobalSection
	GlobalSection(ProjectConfigurationPlatforms) = postSolution
		{B5F2A569-0FB1-490D-87F8-4AB45A746C71}.Debug|x64.ActiveCfg = Debug|x64
		{B5F2A569-0FB1-490D-87F8-4AB45A746C71}.Debug|x64.Build.0 = Debug|x64
		{B5F2A569-0FB1-490D-87F8-4AB45A746C71}.Release|x64.ActiveCfg = Release|x64
		{B5F2A569-0FB1-490D-87F8-4AB45A746C71}.Release|x64.Build.0 = Release|x64
	EndGlobalSection
	GlobalSection(SolutionProperties) = preSolution
		HideSolutionNode = FALSE
	EndGlobalSection
	GlobalSection(ExtensibilityGlobals) = postSolution
		SolutionGuid = {4570B80E-528E-4630-BBB7-D1FC899A0697}
	EndGlobalSection
EndGlobal
